
Microsoft Visual Studio Solution File, Format Version 12.00
# Visual Studio Version 17
VisualStudioVersion = 17.4.33213.308
MinimumVisualStudioVersion = 10.0.40219.1
Project("{2150E333-8FDC-42A3-9474-1A3956D46DE8}") = "Recruiting", "Recruiting", "{51EAB3A7-E3D4-4D92-B8BA-4079EFFCD3B8}"
EndProject
Project("{2150E333-8FDC-42A3-9474-1A3956D46DE8}") = "Authentication", "Authentication", "{CA7DBB82-9D82-4C97-A5B3-BA5650313B37}"
EndProject
Project("{2150E333-8FDC-42A3-9474-1A3956D46DE8}") = "Interviews", "Interviews", "{E94D4363-A022-49A0-A662-420175D841C2}"
EndProject
Project("{2150E333-8FDC-42A3-9474-1A3956D46DE8}") = "OnBoarding", "OnBoarding", "{12B05556-3068-4F3A-8E88-0CC936B95781}"
EndProject
Project("{9A19103F-16F7-4668-BE54-9A1E7A4F7556}") = "RecruitingWeb", "Services\Recruiting\RecruitingWeb\RecruitingWeb.csproj", "{0E296903-CB23-492C-B376-D5BC99A9D31B}"
EndProject
Project("{9A19103F-16F7-4668-BE54-9A1E7A4F7556}") = "ApplicationCore", "Services\Recruiting\ApplicationCore\ApplicationCore.csproj", "{845A5A09-03A2-498D-A217-F8B4EB7AB97B}"
EndProject
Project("{9A19103F-16F7-4668-BE54-9A1E7A4F7556}") = "Infrastructure", "Services\Recruiting\Infrastructure\Infrastructure.csproj", "{C615B96C-68CA-4434-A1D3-260025BB79C9}"
EndProject
Project("{2150E333-8FDC-42A3-9474-1A3956D46DE8}") = "Solution Items", "Solution Items", "{4917ECE7-846C-4D93-937B-AD35BE0E897E}"
	ProjectSection(SolutionItems) = preProject
		Notes.txt = Notes.txt
	EndProjectSection
EndProject
Project("{9A19103F-16F7-4668-BE54-9A1E7A4F7556}") = "Recruiting.API", "Services\Recruiting\Recruiting.API\Recruiting.API.csproj", "{88FE2DDB-59A9-4098-AACD-1EC1F1E6B5A1}"
EndProject
Project("{FAE04EC0-301F-11D3-BF4B-00C04F79EFBC}") = "OnBoarding.ApplicationCore", "Services\OnBoarding\OnBoarding.ApplicationCore\OnBoarding.ApplicationCore.csproj", "{54897E05-D08B-4207-A66B-9EDCCB4552C4}"
EndProject
Project("{FAE04EC0-301F-11D3-BF4B-00C04F79EFBC}") = "OnBoarding.Infrastructure", "Services\OnBoarding\OnBoarding.Infrastructure\OnBoarding.Infrastructure.csproj", "{89C358CF-BDD5-4821-8E60-81D5112095C3}"
EndProject
Project("{FAE04EC0-301F-11D3-BF4B-00C04F79EFBC}") = "Interviews.Infrastructure", "Services\Interviews\Interviews.Infrastructure\Interviews.Infrastructure.csproj", "{78F9034F-BC1C-4941-9FE7-31213C8A5FA2}"
EndProject
Project("{FAE04EC0-301F-11D3-BF4B-00C04F79EFBC}") = "Interviews.ApplicationCore", "Services\Interviews\Interviews.ApplicationCore\Interviews.ApplicationCore.csproj", "{5F2FDDEB-499B-472C-9D58-3AB064A0EFA2}"
EndProject
Project("{FAE04EC0-301F-11D3-BF4B-00C04F79EFBC}") = "Authentication.API", "Services\Authentication\Authentication.API\Authentication.API.csproj", "{741A8315-8266-4AF7-ADE9-752CE3F39F1E}"
EndProject
Project("{FAE04EC0-301F-11D3-BF4B-00C04F79EFBC}") = "Interviews.API", "Services\Interviews\Interviews.API\Interviews.API.csproj", "{53D646CD-844B-4298-8C72-C762AFF78804}"
EndProject
Project("{FAE04EC0-301F-11D3-BF4B-00C04F79EFBC}") = "OnBoarding.API", "Services\OnBoarding\OnBoarding.API\OnBoarding.API.csproj", "{1EEDD8A0-86AF-4531-8C97-1B43E493013F}"
EndProject
Global
	GlobalSection(SolutionConfigurationPlatforms) = preSolution
		Debug|Any CPU = Debug|Any CPU
		Release|Any CPU = Release|Any CPU
	EndGlobalSection
	GlobalSection(ProjectConfigurationPlatforms) = postSolution
		{0E296903-CB23-492C-B376-D5BC99A9D31B}.Debug|Any CPU.ActiveCfg = Debug|Any CPU
		{0E296903-CB23-492C-B376-D5BC99A9D31B}.Debug|Any CPU.Build.0 = Debug|Any CPU
		{0E296903-CB23-492C-B376-D5BC99A9D31B}.Release|Any CPU.ActiveCfg = Release|Any CPU
		{0E296903-CB23-492C-B376-D5BC99A9D31B}.Release|Any CPU.Build.0 = Release|Any CPU
		{845A5A09-03A2-498D-A217-F8B4EB7AB97B}.Debug|Any CPU.ActiveCfg = Debug|Any CPU
		{845A5A09-03A2-498D-A217-F8B4EB7AB97B}.Debug|Any CPU.Build.0 = Debug|Any CPU
		{845A5A09-03A2-498D-A217-F8B4EB7AB97B}.Release|Any CPU.ActiveCfg = Release|Any CPU
		{845A5A09-03A2-498D-A217-F8B4EB7AB97B}.Release|Any CPU.Build.0 = Release|Any CPU
		{C615B96C-68CA-4434-A1D3-260025BB79C9}.Debug|Any CPU.ActiveCfg = Debug|Any CPU
		{C615B96C-68CA-4434-A1D3-260025BB79C9}.Debug|Any CPU.Build.0 = Debug|Any CPU
		{C615B96C-68CA-4434-A1D3-260025BB79C9}.Release|Any CPU.ActiveCfg = Release|Any CPU
		{C615B96C-68CA-4434-A1D3-260025BB79C9}.Release|Any CPU.Build.0 = Release|Any CPU
		{88FE2DDB-59A9-4098-AACD-1EC1F1E6B5A1}.Debug|Any CPU.ActiveCfg = Debug|Any CPU
		{88FE2DDB-59A9-4098-AACD-1EC1F1E6B5A1}.Debug|Any CPU.Build.0 = Debug|Any CPU
		{88FE2DDB-59A9-4098-AACD-1EC1F1E6B5A1}.Release|Any CPU.ActiveCfg = Release|Any CPU
		{88FE2DDB-59A9-4098-AACD-1EC1F1E6B5A1}.Release|Any CPU.Build.0 = Release|Any CPU
		{54897E05-D08B-4207-A66B-9EDCCB4552C4}.Debug|Any CPU.ActiveCfg = Debug|Any CPU
		{54897E05-D08B-4207-A66B-9EDCCB4552C4}.Debug|Any CPU.Build.0 = Debug|Any CPU
		{54897E05-D08B-4207-A66B-9EDCCB4552C4}.Release|Any CPU.ActiveCfg = Release|Any CPU
		{54897E05-D08B-4207-A66B-9EDCCB4552C4}.Release|Any CPU.Build.0 = Release|Any CPU
		{89C358CF-BDD5-4821-8E60-81D5112095C3}.Debug|Any CPU.ActiveCfg = Debug|Any CPU
		{89C358CF-BDD5-4821-8E60-81D5112095C3}.Debug|Any CPU.Build.0 = Debug|Any CPU
		{89C358CF-BDD5-4821-8E60-81D5112095C3}.Release|Any CPU.ActiveCfg = Release|Any CPU
		{89C358CF-BDD5-4821-8E60-81D5112095C3}.Release|Any CPU.Build.0 = Release|Any CPU
		{78F9034F-BC1C-4941-9FE7-31213C8A5FA2}.Debug|Any CPU.ActiveCfg = Debug|Any CPU
		{78F9034F-BC1C-4941-9FE7-31213C8A5FA2}.Debug|Any CPU.Build.0 = Debug|Any CPU
		{78F9034F-BC1C-4941-9FE7-31213C8A5FA2}.Release|Any CPU.ActiveCfg = Release|Any CPU
		{78F9034F-BC1C-4941-9FE7-31213C8A5FA2}.Release|Any CPU.Build.0 = Release|Any CPU
		{5F2FDDEB-499B-472C-9D58-3AB064A0EFA2}.Debug|Any CPU.ActiveCfg = Debug|Any CPU
		{5F2FDDEB-499B-472C-9D58-3AB064A0EFA2}.Debug|Any CPU.Build.0 = Debug|Any CPU
		{5F2FDDEB-499B-472C-9D58-3AB064A0EFA2}.Release|Any CPU.ActiveCfg = Release|Any CPU
		{5F2FDDEB-499B-472C-9D58-3AB064A0EFA2}.Release|Any CPU.Build.0 = Release|Any CPU
		{741A8315-8266-4AF7-ADE9-752CE3F39F1E}.Debug|Any CPU.ActiveCfg = Debug|Any CPU
		{741A8315-8266-4AF7-ADE9-752CE3F39F1E}.Debug|Any CPU.Build.0 = Debug|Any CPU
		{741A8315-8266-4AF7-ADE9-752CE3F39F1E}.Release|Any CPU.ActiveCfg = Release|Any CPU
		{741A8315-8266-4AF7-ADE9-752CE3F39F1E}.Release|Any CPU.Build.0 = Release|Any CPU
		{53D646CD-844B-4298-8C72-C762AFF78804}.Debug|Any CPU.ActiveCfg = Debug|Any CPU
		{53D646CD-844B-4298-8C72-C762AFF78804}.Debug|Any CPU.Build.0 = Debug|Any CPU
		{53D646CD-844B-4298-8C72-C762AFF78804}.Release|Any CPU.ActiveCfg = Release|Any CPU
		{53D646CD-844B-4298-8C72-C762AFF78804}.Release|Any CPU.Build.0 = Release|Any CPU
		{1EEDD8A0-86AF-4531-8C97-1B43E493013F}.Debug|Any CPU.ActiveCfg = Debug|Any CPU
		{1EEDD8A0-86AF-4531-8C97-1B43E493013F}.Debug|Any CPU.Build.0 = Debug|Any CPU
		{1EEDD8A0-86AF-4531-8C97-1B43E493013F}.Release|Any CPU.ActiveCfg = Release|Any CPU
		{1EEDD8A0-86AF-4531-8C97-1B43E493013F}.Release|Any CPU.Build.0 = Release|Any CPU
	EndGlobalSection
	GlobalSection(SolutionProperties) = preSolution
		HideSolutionNode = FALSE
	EndGlobalSection
	GlobalSection(NestedProjects) = preSolution
		{0E296903-CB23-492C-B376-D5BC99A9D31B} = {51EAB3A7-E3D4-4D92-B8BA-4079EFFCD3B8}
		{845A5A09-03A2-498D-A217-F8B4EB7AB97B} = {51EAB3A7-E3D4-4D92-B8BA-4079EFFCD3B8}
		{C615B96C-68CA-4434-A1D3-260025BB79C9} = {51EAB3A7-E3D4-4D92-B8BA-4079EFFCD3B8}
		{88FE2DDB-59A9-4098-AACD-1EC1F1E6B5A1} = {51EAB3A7-E3D4-4D92-B8BA-4079EFFCD3B8}
		{54897E05-D08B-4207-A66B-9EDCCB4552C4} = {12B05556-3068-4F3A-8E88-0CC936B95781}
		{89C358CF-BDD5-4821-8E60-81D5112095C3} = {12B05556-3068-4F3A-8E88-0CC936B95781}
		{78F9034F-BC1C-4941-9FE7-31213C8A5FA2} = {E94D4363-A022-49A0-A662-420175D841C2}
		{5F2FDDEB-499B-472C-9D58-3AB064A0EFA2} = {E94D4363-A022-49A0-A662-420175D841C2}
		{741A8315-8266-4AF7-ADE9-752CE3F39F1E} = {CA7DBB82-9D82-4C97-A5B3-BA5650313B37}
		{53D646CD-844B-4298-8C72-C762AFF78804} = {E94D4363-A022-49A0-A662-420175D841C2}
		{1EEDD8A0-86AF-4531-8C97-1B43E493013F} = {12B05556-3068-4F3A-8E88-0CC936B95781}
	EndGlobalSection
	GlobalSection(ExtensibilityGlobals) = postSolution
		SolutionGuid = {417C79DA-14C9-4D20-AD02-888BC9112AA0}
	EndGlobalSection
EndGlobal
